
Microsoft Visual Studio Solution File, Format Version 12.00
# Visual Studio 15
VisualStudioVersion = 15.0.26124.0
MinimumVisualStudioVersion = 15.0.26124.0
Project("{FAE04EC0-301F-11D3-BF4B-00C04F79EFBC}") = "seedNode", "seedNode\SeedNode.csproj", "{76017556-20A6-4175-972D-416BC10906C1}"
EndProject
Project("{FAE04EC0-301F-11D3-BF4B-00C04F79EFBC}") = "Worker", "Worker\Worker.csproj", "{717086CE-EE65-4018-9DDE-4D1BA4A35A4C}"
EndProject
Project("{FAE04EC0-301F-11D3-BF4B-00C04F79EFBC}") = "WatchDog", "WatchDog\WatchDog.csproj", "{C66778FB-3B02-4CAC-B18C-BEDB3C27BA69}"
EndProject
Project("{FAE04EC0-301F-11D3-BF4B-00C04F79EFBC}") = "shared", "Shared\shared.csproj", "{4A5F0AE8-5F90-47A8-9913-E117D7C7A8CE}"
EndProject
Global
	GlobalSection(SolutionConfigurationPlatforms) = preSolution
		Debug|Any CPU = Debug|Any CPU
		Debug|x64 = Debug|x64
		Debug|x86 = Debug|x86
		Release|Any CPU = Release|Any CPU
		Release|x64 = Release|x64
		Release|x86 = Release|x86
	EndGlobalSection
	GlobalSection(SolutionProperties) = preSolution
		HideSolutionNode = FALSE
	EndGlobalSection
	GlobalSection(ProjectConfigurationPlatforms) = postSolution
		{76017556-20A6-4175-972D-416BC10906C1}.Debug|Any CPU.ActiveCfg = Debug|Any CPU
		{76017556-20A6-4175-972D-416BC10906C1}.Debug|Any CPU.Build.0 = Debug|Any CPU
		{76017556-20A6-4175-972D-416BC10906C1}.Debug|x64.ActiveCfg = Debug|Any CPU
		{76017556-20A6-4175-972D-416BC10906C1}.Debug|x64.Build.0 = Debug|Any CPU
		{76017556-20A6-4175-972D-416BC10906C1}.Debug|x86.ActiveCfg = Debug|Any CPU
		{76017556-20A6-4175-972D-416BC10906C1}.Debug|x86.Build.0 = Debug|Any CPU
		{76017556-20A6-4175-972D-416BC10906C1}.Release|Any CPU.ActiveCfg = Release|Any CPU
		{76017556-20A6-4175-972D-416BC10906C1}.Release|Any CPU.Build.0 = Release|Any CPU
		{76017556-20A6-4175-972D-416BC10906C1}.Release|x64.ActiveCfg = Release|Any CPU
		{76017556-20A6-4175-972D-416BC10906C1}.Release|x64.Build.0 = Release|Any CPU
		{76017556-20A6-4175-972D-416BC10906C1}.Release|x86.ActiveCfg = Release|Any CPU
		{76017556-20A6-4175-972D-416BC10906C1}.Release|x86.Build.0 = Release|Any CPU
		{717086CE-EE65-4018-9DDE-4D1BA4A35A4C}.Debug|Any CPU.ActiveCfg = Debug|Any CPU
		{717086CE-EE65-4018-9DDE-4D1BA4A35A4C}.Debug|Any CPU.Build.0 = Debug|Any CPU
		{717086CE-EE65-4018-9DDE-4D1BA4A35A4C}.Debug|x64.ActiveCfg = Debug|Any CPU
		{717086CE-EE65-4018-9DDE-4D1BA4A35A4C}.Debug|x64.Build.0 = Debug|Any CPU
		{717086CE-EE65-4018-9DDE-4D1BA4A35A4C}.Debug|x86.ActiveCfg = Debug|Any CPU
		{717086CE-EE65-4018-9DDE-4D1BA4A35A4C}.Debug|x86.Build.0 = Debug|Any CPU
		{717086CE-EE65-4018-9DDE-4D1BA4A35A4C}.Release|Any CPU.ActiveCfg = Release|Any CPU
		{717086CE-EE65-4018-9DDE-4D1BA4A35A4C}.Release|Any CPU.Build.0 = Release|Any CPU
		{717086CE-EE65-4018-9DDE-4D1BA4A35A4C}.Release|x64.ActiveCfg = Release|Any CPU
		{717086CE-EE65-4018-9DDE-4D1BA4A35A4C}.Release|x64.Build.0 = Release|Any CPU
		{717086CE-EE65-4018-9DDE-4D1BA4A35A4C}.Release|x86.ActiveCfg = Release|Any CPU
		{717086CE-EE65-4018-9DDE-4D1BA4A35A4C}.Release|x86.Build.0 = Release|Any CPU
		{C66778FB-3B02-4CAC-B18C-BEDB3C27BA69}.Debug|Any CPU.ActiveCfg = Debug|Any CPU
		{C66778FB-3B02-4CAC-B18C-BEDB3C27BA69}.Debug|Any CPU.Build.0 = Debug|Any CPU
		{C66778FB-3B02-4CAC-B18C-BEDB3C27BA69}.Debug|x64.ActiveCfg = Debug|Any CPU
		{C66778FB-3B02-4CAC-B18C-BEDB3C27BA69}.Debug|x64.Build.0 = Debug|Any CPU
		{C66778FB-3B02-4CAC-B18C-BEDB3C27BA69}.Debug|x86.ActiveCfg = Debug|Any CPU
		{C66778FB-3B02-4CAC-B18C-BEDB3C27BA69}.Debug|x86.Build.0 = Debug|Any CPU
		{C66778FB-3B02-4CAC-B18C-BEDB3C27BA69}.Release|Any CPU.ActiveCfg = Release|Any CPU
		{C66778FB-3B02-4CAC-B18C-BEDB3C27BA69}.Release|Any CPU.Build.0 = Release|Any CPU
		{C66778FB-3B02-4CAC-B18C-BEDB3C27BA69}.Release|x64.ActiveCfg = Release|Any CPU
		{C66778FB-3B02-4CAC-B18C-BEDB3C27BA69}.Release|x64.Build.0 = Release|Any CPU
		{C66778FB-3B02-4CAC-B18C-BEDB3C27BA69}.Release|x86.ActiveCfg = Release|Any CPU
		{C66778FB-3B02-4CAC-B18C-BEDB3C27BA69}.Release|x86.Build.0 = Release|Any CPU
		{4A5F0AE8-5F90-47A8-9913-E117D7C7A8CE}.Debug|Any CPU.ActiveCfg = Debug|Any CPU
		{4A5F0AE8-5F90-47A8-9913-E117D7C7A8CE}.Debug|Any CPU.Build.0 = Debug|Any CPU
		{4A5F0AE8-5F90-47A8-9913-E117D7C7A8CE}.Debug|x64.ActiveCfg = Debug|Any CPU
		{4A5F0AE8-5F90-47A8-9913-E117D7C7A8CE}.Debug|x64.Build.0 = Debug|Any CPU
		{4A5F0AE8-5F90-47A8-9913-E117D7C7A8CE}.Debug|x86.ActiveCfg = Debug|Any CPU
		{4A5F0AE8-5F90-47A8-9913-E117D7C7A8CE}.Debug|x86.Build.0 = Debug|Any CPU
		{4A5F0AE8-5F90-47A8-9913-E117D7C7A8CE}.Release|Any CPU.ActiveCfg = Release|Any CPU
		{4A5F0AE8-5F90-47A8-9913-E117D7C7A8CE}.Release|Any CPU.Build.0 = Release|Any CPU
		{4A5F0AE8-5F90-47A8-9913-E117D7C7A8CE}.Release|x64.ActiveCfg = Release|Any CPU
		{4A5F0AE8-5F90-47A8-9913-E117D7C7A8CE}.Release|x64.Build.0 = Release|Any CPU
		{4A5F0AE8-5F90-47A8-9913-E117D7C7A8CE}.Release|x86.ActiveCfg = Release|Any CPU
		{4A5F0AE8-5F90-47A8-9913-E117D7C7A8CE}.Release|x86.Build.0 = Release|Any CPU
	EndGlobalSection
EndGlobal
